
Microsoft Visual Studio Solution File, Format Version 12.00
# Visual Studio 2013
VisualStudioVersion = 12.0.21005.1
MinimumVisualStudioVersion = 10.0.40219.1
Project("{FAE04EC0-301F-11D3-BF4B-00C04F79EFBC}") = "Redux", "Redux\Redux.csproj", "{730D8A0B-465B-4D66-922B-BFBAF7035F4E}"
EndProject
Project("{2150E333-8FDC-42A3-9474-1A3956D46DE8}") = "Examples", "Examples", "{907E630F-8560-49BF-B59D-361CC6A66507}"
EndProject
Project("{2150E333-8FDC-42A3-9474-1A3956D46DE8}") = "Counter", "Counter", "{075F2904-6E3B-49C6-8CDF-EF133C8A61A3}"
EndProject
Project("{FAE04EC0-301F-11D3-BF4B-00C04F79EFBC}") = "CounterExampleCore", "Examples\Counter\CounterExampleCore\CounterExampleCore.csproj", "{50D2B046-C6FD-477D-AA2F-49F849668DCD}"
EndProject
Project("{FAE04EC0-301F-11D3-BF4B-00C04F79EFBC}") = "CounterExampleVanilla", "Examples\Counter\CounterExampleVanilla\CounterExampleVanilla.csproj", "{E27A0CB4-A0B1-4C64-95A2-09F245DB3715}"
EndProject
Project("{2150E333-8FDC-42A3-9474-1A3956D46DE8}") = "ToDoList", "ToDoList", "{4B0B7A00-07E9-4B83-B3BA-AE359A74C115}"
EndProject
Project("{FAE04EC0-301F-11D3-BF4B-00C04F79EFBC}") = "ToDoListExampleCore", "Examples\ToDoList\ToDoListExampleCore\ToDoListExampleCore.csproj", "{1D046675-2F02-41F5-9053-B91AC07C520F}"
EndProject
Project("{FAE04EC0-301F-11D3-BF4B-00C04F79EFBC}") = "ToDoListExample", "Examples\ToDoList\ToDoListExample\ToDoListExample.csproj", "{DE96DFF6-DD01-45CF-BFD7-0974055B2072}"
EndProject
Project("{2150E333-8FDC-42A3-9474-1A3956D46DE8}") = "CombinedApp", "CombinedApp", "{4F507233-9A87-4151-BCCE-77A24B0C1114}"
EndProject
Project("{FAE04EC0-301F-11D3-BF4B-00C04F79EFBC}") = "CombinedApp", "Examples\CombinedApp\CombinedApp.csproj", "{B2011FB1-4250-422F-B8F0-DD13B6ED896B}"
EndProject
Project("{2150E333-8FDC-42A3-9474-1A3956D46DE8}") = "Solution Items", "Solution Items", "{EAFA842E-2E38-4FA6-9F52-A1180CB260CC}"
	ProjectSection(SolutionItems) = preProject
		LICENSE = LICENSE
		README.md = README.md
	EndProjectSection
EndProject
Project("{FAE04EC0-301F-11D3-BF4B-00C04F79EFBC}") = "CounterExampleWithLogger", "Examples\Counter\CounterExampleWithLogger\CounterExampleWithLogger.csproj", "{FCFCA578-0639-484E-875C-C7836C406835}"
EndProject
Project("{FAE04EC0-301F-11D3-BF4B-00C04F79EFBC}") = "CounterExamplePreloaded", "Examples\Counter\CounterExamplePreloaded\CounterExamplePreloaded.csproj", "{21CFFECB-E9AB-48D2-B779-0AC59E08889B}"
EndProject
Project("{2150E333-8FDC-42A3-9474-1A3956D46DE8}") = "Misc", "Misc", "{9CBB70FF-6C33-4E33-9A4E-A3CAAF8A5A05}"
EndProject
Project("{FAE04EC0-301F-11D3-BF4B-00C04F79EFBC}") = "StoreEnhancers", "Examples\Misc\StoreEnhancers\StoreEnhancers.csproj", "{68A8A716-CBB6-434C-A5D6-A641BD700668}"
EndProject
Project("{FAE04EC0-301F-11D3-BF4B-00C04F79EFBC}") = "ThunkedCounter", "Examples\Misc\ThunkedCounter\ThunkedCounter.csproj", "{32A8DDBC-AE0D-4C1C-9483-74919843E81E}"
EndProject
Global
	GlobalSection(SolutionConfigurationPlatforms) = preSolution
		Debug|Any CPU = Debug|Any CPU
		Release|Any CPU = Release|Any CPU
	EndGlobalSection
	GlobalSection(ProjectConfigurationPlatforms) = postSolution
		{730D8A0B-465B-4D66-922B-BFBAF7035F4E}.Debug|Any CPU.ActiveCfg = Debug|Any CPU
		{730D8A0B-465B-4D66-922B-BFBAF7035F4E}.Debug|Any CPU.Build.0 = Debug|Any CPU
		{730D8A0B-465B-4D66-922B-BFBAF7035F4E}.Release|Any CPU.ActiveCfg = Release|Any CPU
		{730D8A0B-465B-4D66-922B-BFBAF7035F4E}.Release|Any CPU.Build.0 = Release|Any CPU
		{50D2B046-C6FD-477D-AA2F-49F849668DCD}.Debug|Any CPU.ActiveCfg = Debug|Any CPU
		{50D2B046-C6FD-477D-AA2F-49F849668DCD}.Debug|Any CPU.Build.0 = Debug|Any CPU
		{50D2B046-C6FD-477D-AA2F-49F849668DCD}.Release|Any CPU.ActiveCfg = Release|Any CPU
		{50D2B046-C6FD-477D-AA2F-49F849668DCD}.Release|Any CPU.Build.0 = Release|Any CPU
		{E27A0CB4-A0B1-4C64-95A2-09F245DB3715}.Debug|Any CPU.ActiveCfg = Debug|Any CPU
		{E27A0CB4-A0B1-4C64-95A2-09F245DB3715}.Debug|Any CPU.Build.0 = Debug|Any CPU
		{E27A0CB4-A0B1-4C64-95A2-09F245DB3715}.Release|Any CPU.ActiveCfg = Release|Any CPU
		{E27A0CB4-A0B1-4C64-95A2-09F245DB3715}.Release|Any CPU.Build.0 = Release|Any CPU
		{1D046675-2F02-41F5-9053-B91AC07C520F}.Debug|Any CPU.ActiveCfg = Debug|Any CPU
		{1D046675-2F02-41F5-9053-B91AC07C520F}.Debug|Any CPU.Build.0 = Debug|Any CPU
		{1D046675-2F02-41F5-9053-B91AC07C520F}.Release|Any CPU.ActiveCfg = Release|Any CPU
		{1D046675-2F02-41F5-9053-B91AC07C520F}.Release|Any CPU.Build.0 = Release|Any CPU
		{DE96DFF6-DD01-45CF-BFD7-0974055B2072}.Debug|Any CPU.ActiveCfg = Debug|Any CPU
		{DE96DFF6-DD01-45CF-BFD7-0974055B2072}.Debug|Any CPU.Build.0 = Debug|Any CPU
		{DE96DFF6-DD01-45CF-BFD7-0974055B2072}.Release|Any CPU.ActiveCfg = Release|Any CPU
		{DE96DFF6-DD01-45CF-BFD7-0974055B2072}.Release|Any CPU.Build.0 = Release|Any CPU
		{B2011FB1-4250-422F-B8F0-DD13B6ED896B}.Debug|Any CPU.ActiveCfg = Debug|Any CPU
		{B2011FB1-4250-422F-B8F0-DD13B6ED896B}.Debug|Any CPU.Build.0 = Debug|Any CPU
		{B2011FB1-4250-422F-B8F0-DD13B6ED896B}.Release|Any CPU.ActiveCfg = Release|Any CPU
		{B2011FB1-4250-422F-B8F0-DD13B6ED896B}.Release|Any CPU.Build.0 = Release|Any CPU
		{FCFCA578-0639-484E-875C-C7836C406835}.Debug|Any CPU.ActiveCfg = Debug|Any CPU
		{FCFCA578-0639-484E-875C-C7836C406835}.Debug|Any CPU.Build.0 = Debug|Any CPU
		{FCFCA578-0639-484E-875C-C7836C406835}.Release|Any CPU.ActiveCfg = Release|Any CPU
		{FCFCA578-0639-484E-875C-C7836C406835}.Release|Any CPU.Build.0 = Release|Any CPU
		{21CFFECB-E9AB-48D2-B779-0AC59E08889B}.Debug|Any CPU.ActiveCfg = Debug|Any CPU
		{21CFFECB-E9AB-48D2-B779-0AC59E08889B}.Debug|Any CPU.Build.0 = Debug|Any CPU
		{21CFFECB-E9AB-48D2-B779-0AC59E08889B}.Release|Any CPU.ActiveCfg = Release|Any CPU
		{21CFFECB-E9AB-48D2-B779-0AC59E08889B}.Release|Any CPU.Build.0 = Release|Any CPU
		{68A8A716-CBB6-434C-A5D6-A641BD700668}.Debug|Any CPU.ActiveCfg = Debug|Any CPU
		{68A8A716-CBB6-434C-A5D6-A641BD700668}.Debug|Any CPU.Build.0 = Debug|Any CPU
		{68A8A716-CBB6-434C-A5D6-A641BD700668}.Release|Any CPU.ActiveCfg = Release|Any CPU
		{68A8A716-CBB6-434C-A5D6-A641BD700668}.Release|Any CPU.Build.0 = Release|Any CPU
		{32A8DDBC-AE0D-4C1C-9483-74919843E81E}.Debug|Any CPU.ActiveCfg = Debug|Any CPU
		{32A8DDBC-AE0D-4C1C-9483-74919843E81E}.Debug|Any CPU.Build.0 = Debug|Any CPU
		{32A8DDBC-AE0D-4C1C-9483-74919843E81E}.Release|Any CPU.ActiveCfg = Release|Any CPU
		{32A8DDBC-AE0D-4C1C-9483-74919843E81E}.Release|Any CPU.Build.0 = Release|Any CPU
	EndGlobalSection
	GlobalSection(SolutionProperties) = preSolution
		HideSolutionNode = FALSE
	EndGlobalSection
	GlobalSection(NestedProjects) = preSolution
		{075F2904-6E3B-49C6-8CDF-EF133C8A61A3} = {907E630F-8560-49BF-B59D-361CC6A66507}
		{4B0B7A00-07E9-4B83-B3BA-AE359A74C115} = {907E630F-8560-49BF-B59D-361CC6A66507}
		{4F507233-9A87-4151-BCCE-77A24B0C1114} = {907E630F-8560-49BF-B59D-361CC6A66507}
		{9CBB70FF-6C33-4E33-9A4E-A3CAAF8A5A05} = {907E630F-8560-49BF-B59D-361CC6A66507}
		{50D2B046-C6FD-477D-AA2F-49F849668DCD} = {075F2904-6E3B-49C6-8CDF-EF133C8A61A3}
		{E27A0CB4-A0B1-4C64-95A2-09F245DB3715} = {075F2904-6E3B-49C6-8CDF-EF133C8A61A3}
		{FCFCA578-0639-484E-875C-C7836C406835} = {075F2904-6E3B-49C6-8CDF-EF133C8A61A3}
		{21CFFECB-E9AB-48D2-B779-0AC59E08889B} = {075F2904-6E3B-49C6-8CDF-EF133C8A61A3}
		{1D046675-2F02-41F5-9053-B91AC07C520F} = {4B0B7A00-07E9-4B83-B3BA-AE359A74C115}
		{DE96DFF6-DD01-45CF-BFD7-0974055B2072} = {4B0B7A00-07E9-4B83-B3BA-AE359A74C115}
		{B2011FB1-4250-422F-B8F0-DD13B6ED896B} = {4F507233-9A87-4151-BCCE-77A24B0C1114}
		{68A8A716-CBB6-434C-A5D6-A641BD700668} = {9CBB70FF-6C33-4E33-9A4E-A3CAAF8A5A05}
		{32A8DDBC-AE0D-4C1C-9483-74919843E81E} = {9CBB70FF-6C33-4E33-9A4E-A3CAAF8A5A05}
	EndGlobalSection
EndGlobal
